<?xml version="1.0" encoding="UTF-8" standalone="yes" ?>
<CodeBlocks_project_file>
	<FileVersion major="1" minor="6" />
	<Project>
		<Option title="Food-Order-Management-System" />
		<Option pch_mode="2" />
		<Option compiler="gcc" />
		<Build>
			<Target title="Debug">
				<Option output="bin/Debug/Food-Order-Management-System" prefix_auto="1" extension_auto="1" />
				<Option object_output="obj/Debug/" />
				<Option type="1" />
				<Option compiler="gcc" />
				<Compiler>
					<Add option="-g" />
				</Compiler>
			</Target>
			<Target title="Release">
				<Option output="bin/Release/Food-Order-Management-System" prefix_auto="1" extension_auto="1" />
				<Option object_output="obj/Release/" />
				<Option type="1" />
				<Option compiler="gcc" />
				<Compiler>
					<Add option="-O2" />
				</Compiler>
				<Linker>
					<Add option="-s" />
				</Linker>
			</Target>
		</Build>
		<Compiler>
			<Add option="-Wall" />
		</Compiler>
		<Unit filename="AddDish.c">
			<Option compilerVar="CC" />
			<Option target="Debug" />
		</Unit>
		<Unit filename="AddDish.h" />
		<Unit filename="AdminFunctions.c">
			<Option compilerVar="CC" />
		</Unit>
		<Unit filename="AdminFunctions.h" />
		<Unit filename="CommonFunctions.c">
			<Option compilerVar="CC" />
		</Unit>
		<Unit filename="CommonFunctions.h" />
		<Unit filename="Configurations.h" />
		<Unit filename="CustomerFunctions.c">
			<Option compilerVar="CC" />
		</Unit>
		<Unit filename="CustomerFunctions.h" />
		<Unit filename="PlaceOrder.c">
			<Option compilerVar="CC" />
		</Unit>
		<Unit filename="PlaceOrder.h" />
		<Unit filename="main.c">
			<Option compilerVar="CC" />
		</Unit>
		<Extensions>
			<lib_finder disable_auto="1" />
		</Extensions>
	</Project>
</CodeBlocks_project_file>
